// !$*UTF8*$!
{
	archiveVersion = 1;
	classes = {
	};
	objectVersion = 55;
	objects = {

/* Begin PBXBuildFile section */
		FB9244F427BF156A006A5E57 /* practica4_AldoAyalaApp.swift in Sources */ = {isa = PBXBuildFile; fileRef = FB9244F327BF156A006A5E57 /* practica4_AldoAyalaApp.swift */; };
		FB9244F627BF156A006A5E57 /* ContentView.swift in Sources */ = {isa = PBXBuildFile; fileRef = FB9244F527BF156A006A5E57 /* ContentView.swift */; };
		FB9244F827BF156D006A5E57 /* Assets.xcassets in Resources */ = {isa = PBXBuildFile; fileRef = FB9244F727BF156D006A5E57 /* Assets.xcassets */; };
		FB9244FB27BF156D006A5E57 /* Preview Assets.xcassets in Resources */ = {isa = PBXBuildFile; fileRef = FB9244FA27BF156D006A5E57 /* Preview Assets.xcassets */; };
		FB92450227BF1582006A5E57 /* Personaje.swift in Sources */ = {isa = PBXBuildFile; fileRef = FB92450127BF1582006A5E57 /* Personaje.swift */; };
		FB92450427BF1633006A5E57 /* ElementListaPersonaje.swift in Sources */ = {isa = PBXBuildFile; fileRef = FB92450327BF1633006A5E57 /* ElementListaPersonaje.swift */; };
		FB9BD39227BF1F6F00F7A379 /* VistaDetallePersonaje.swift in Sources */ = {isa = PBXBuildFile; fileRef = FB9BD39127BF1F6F00F7A379 /* VistaDetallePersonaje.swift */; };
/* End PBXBuildFile section */

/* Begin PBXFileReference section */
		FB9244F027BF156A006A5E57 /* practica4_AldoAyala.app */ = {isa = PBXFileReference; explicitFileType = wrapper.application; includeInIndex = 0; path = practica4_AldoAyala.app; sourceTree = BUILT_PRODUCTS_DIR; };
		FB9244F327BF156A006A5E57 /* practica4_AldoAyalaApp.swift */ = {isa = PBXFileReference; lastKnownFileType = sourcecode.swift; path = practica4_AldoAyalaApp.swift; sourceTree = "<group>"; };
		FB9244F527BF156A006A5E57 /* ContentView.swift */ = {isa = PBXFileReference; lastKnownFileType = sourcecode.swift; path = ContentView.swift; sourceTree = "<group>"; };
		FB9244F727BF156D006A5E57 /* Assets.xcassets */ = {isa = PBXFileReference; lastKnownFileType = folder.assetcatalog; path = Assets.xcassets; sourceTree = "<group>"; };
		FB9244FA27BF156D006A5E57 /* Preview Assets.xcassets */ = {isa = PBXFileReference; lastKnownFileType = folder.assetcatalog; path = "Preview Assets.xcassets"; sourceTree = "<group>"; };
		FB92450127BF1582006A5E57 /* Personaje.swift */ = {isa = PBXFileReference; lastKnownFileType = sourcecode.swift; path = Personaje.swift; sourceTree = "<group>"; };
		FB92450327BF1633006A5E57 /* ElementListaPersonaje.swift */ = {isa = PBXFileReference; lastKnownFileType = sourcecode.swift; path = ElementListaPersonaje.swift; sourceTree = "<group>"; };
		FB9BD39127BF1F6F00F7A379 /* VistaDetallePersonaje.swift */ = {isa = PBXFileReference; lastKnownFileType = sourcecode.swift; path = VistaDetallePersonaje.swift; sourceTree = "<group>"; };
/* End PBXFileReference section */

/* Begin PBXFrameworksBuildPhase section */
		FB9244ED27BF156A006A5E57 /* Frameworks */ = {
			isa = PBXFrameworksBuildPhase;
			buildActionMask = 2147483647;
			files = (
			);
			runOnlyForDeploymentPostprocessing = 0;
		};
/* End PBXFrameworksBuildPhase section */

/* Begin PBXGroup section */
		FB9244E727BF156A006A5E57 = {
			isa = PBXGroup;
			children = (
				FB9244F227BF156A006A5E57 /* practica4_AldoAyala */,
				FB9244F127BF156A006A5E57 /* Products */,
			);
			sourceTree = "<group>";
		};
		FB9244F127BF156A006A5E57 /* Products */ = {
			isa = PBXGroup;
			children = (
				FB9244F027BF156A006A5E57 /* practica4_AldoAyala.app */,
			);
			name = Products;
			sourceTree = "<group>";
		};
		FB9244F227BF156A006A5E57 /* practica4_AldoAyala */ = {
			isa = PBXGroup;
			children = (
				FB9244F327BF156A006A5E57 /* practica4_AldoAyalaApp.swift */,
				FB9244F527BF156A006A5E57 /* ContentView.swift */,
				FB9BD39127BF1F6F00F7A379 /* VistaDetallePersonaje.swift */,
				FB92450127BF1582006A5E57 /* Personaje.swift */,
				FB92450327BF1633006A5E57 /* ElementListaPersonaje.swift */,
				FB9244F727BF156D006A5E57 /* Assets.xcassets */,
				FB9244F927BF156D006A5E57 /* Preview Content */,
			);
			path = practica4_AldoAyala;
			sourceTree = "<group>";
		};
		FB9244F927BF156D006A5E57 /* Preview Content */ = {
			isa = PBXGroup;
			children = (
				FB9244FA27BF156D006A5E57 /* Preview Assets.xcassets */,
			);
			path = "Preview Content";
			sourceTree = "<group>";
		};
/* End PBXGroup section */

/* Begin PBXNativeTarget section */
		FB9244EF27BF156A006A5E57 /* practica4_AldoAyala */ = {
			isa = PBXNativeTarget;
			buildConfigurationList = FB9244FE27BF156D006A5E57 /* Build configuration list for PBXNativeTarget "practica4_AldoAyala" */;
			buildPhases = (
				FB9244EC27BF156A006A5E57 /* Sources */,
				FB9244ED27BF156A006A5E57 /* Frameworks */,
				FB9244EE27BF156A006A5E57 /* Resources */,
			);
			buildRules = (
			);
			dependencies = (
			);
			name = practica4_AldoAyala;
			productName = practica4_AldoAyala;
			productReference = FB9244F027BF156A006A5E57 /* practica4_AldoAyala.app */;
			productType = "com.apple.product-type.application";
		};
/* End PBXNativeTarget section */

/* Begin PBXProject section */
		FB9244E827BF156A006A5E57 /* Project object */ = {
			isa = PBXProject;
			attributes = {
				BuildIndependentTargetsInParallel = 1;
				LastSwiftUpdateCheck = 1320;
				LastUpgradeCheck = 1320;
				TargetAttributes = {
					FB9244EF27BF156A006A5E57 = {
						CreatedOnToolsVersion = 13.2.1;
					};
				};
			};
			buildConfigurationList = FB9244EB27BF156A006A5E57 /* Build configuration list for PBXProject "practica4_AldoAyala" */;
			compatibilityVersion = "Xcode 13.0";
			developmentRegion = en;
			hasScannedForEncodings = 0;
			knownRegions = (
				en,
				Base,
			);
			mainGroup = FB9244E727BF156A006A5E57;
			productRefGroup = FB9244F127BF156A006A5E57 /* Products */;
			projectDirPath = "";
			projectRoot = "";
			targets = (
				FB9244EF27BF156A006A5E57 /* practica4_AldoAyala */,
			);
		};
/* End PBXProject section */

/* Begin PBXResourcesBuildPhase section */
		FB9244EE27BF156A006A5E57 /* Resources */ = {
			isa = PBXResourcesBuildPhase;
			buildActionMask = 2147483647;
			files = (
				FB9244FB27BF156D006A5E57 /* Preview Assets.xcassets in Resources */,
				FB9244F827BF156D006A5E57 /* Assets.xcassets in Resources */,
			);
			runOnlyForDeploymentPostprocessing = 0;
		};
/* End PBXResourcesBuildPhase section */

/* Begin PBXSourcesBuildPhase section */
		FB9244EC27BF156A006A5E57 /* Sources */ = {
			isa = PBXSourcesBuildPhase;
			buildActionMask = 2147483647;
			files = (
				FB92450427BF1633006A5E57 /* ElementListaPersonaje.swift in Sources */,
				FB9244F627BF156A006A5E57 /* ContentView.swift in Sources */,
				FB92450227BF1582006A5E57 /* Personaje.swift in Sources */,
				FB9244F427BF156A006A5E57 /* practica4_AldoAyalaApp.swift in Sources */,
				FB9BD39227BF1F6F00F7A379 /* VistaDetallePersonaje.swift in Sources */,
			);
			runOnlyForDeploymentPostprocessing = 0;
		};
/* End PBXSourcesBuildPhase section */

/* Begin XCBuildConfiguration section */
		FB9244FC27BF156D006A5E57 /* Debug */ = {
			isa = XCBuildConfiguration;
			buildSettings = {
				ALWAYS_SEARCH_USER_PATHS = NO;
				CLANG_ANALYZER_NONNULL = YES;
				CLANG_ANALYZER_NUMBER_OBJECT_CONVERSION = YES_AGGRESSIVE;
				CLANG_CXX_LANGUAGE_STANDARD = "gnu++17";
				CLANG_CXX_LIBRARY = "libc++";
				CLANG_ENABLE_MODULES = YES;
				CLANG_ENABLE_OBJC_ARC = YES;
				CLANG_ENABLE_OBJC_WEAK = YES;
				CLANG_WARN_BLOCK_CAPTURE_AUTORELEASING = YES;
				CLANG_WARN_BOOL_CONVERSION = YES;
				CLANG_WARN_COMMA = YES;
				CLANG_WARN_CONSTANT_CONVERSION = YES;
				CLANG_WARN_DEPRECATED_OBJC_IMPLEMENTATIONS = YES;
				CLANG_WARN_DIRECT_OBJC_ISA_USAGE = YES_ERROR;
				CLANG_WARN_DOCUMENTATION_COMMENTS = YES;
				CLANG_WARN_EMPTY_BODY = YES;
				CLANG_WARN_ENUM_CONVERSION = YES;
				CLANG_WARN_INFINITE_RECURSION = YES;
				CLANG_WARN_INT_CONVERSION = YES;
				CLANG_WARN_NON_LITERAL_NULL_CONVERSION = YES;
				CLANG_WARN_OBJC_IMPLICIT_RETAIN_SELF = YES;
				CLANG_WARN_OBJC_LITERAL_CONVERSION = YES;
				CLANG_WARN_OBJC_ROOT_CLASS = YES_ERROR;
				CLANG_WARN_QUOTED_INCLUDE_IN_FRAMEWORK_HEADER = YES;
				CLANG_WARN_RANGE_LOOP_ANALYSIS = YES;
				CLANG_WARN_STRICT_PROTOTYPES = YES;
				CLANG_WARN_SUSPICIOUS_MOVE = YES;
				CLANG_WARN_UNGUARDED_AVAILABILITY = YES_AGGRESSIVE;
				CLANG_WARN_UNREACHABLE_CODE = YES;
				CLANG_WARN__DUPLICATE_METHOD_MATCH = YES;
				COPY_PHASE_STRIP = NO;
				DEBUG_INFORMATION_FORMAT = dwarf;
				ENABLE_STRICT_OBJC_MSGSEND = YES;
				ENABLE_TESTABILITY = YES;
				GCC_C_LANGUAGE_STANDARD = gnu11;
				GCC_DYNAMIC_NO_PIC = NO;
				GCC_NO_COMMON_BLOCKS = YES;
				GCC_OPTIMIZATION_LEVEL = 0;
				GCC_PREPROCESSOR_DEFINITIONS = (
					"DEBUG=1",
					"$(inherited)",
				);
				GCC_WARN_64_TO_32_BIT_CONVERSION = YES;
				GCC_WARN_ABOUT_RETURN_TYPE = YES_ERROR;
				GCC_WARN_UNDECLARED_SELECTOR = YES;
				GCC_WARN_UNINITIALIZED_AUTOS = YES_AGGRESSIVE;
				GCC_WARN_UNUSED_FUNCTION = YES;
				GCC_WARN_UNUSED_VARIABLE = YES;
				IPHONEOS_DEPLOYMENT_TARGET = 15.2;
				MTL_ENABLE_DEBUG_INFO = INCLUDE_SOURCE;
				MTL_FAST_MATH = YES;
				ONLY_ACTIVE_ARCH = YES;
				SDKROOT = iphoneos;
				SWIFT_ACTIVE_COMPILATION_CONDITIONS = DEBUG;
				SWIFT_OPTIMIZATION_LEVEL = "-Onone";
			};
			name = Debug;
		};
		FB9244FD27BF156D006A5E57 /* Release */ = {
			isa = XCBuildConfiguration;
			buildSettings = {
				ALWAYS_SEARCH_USER_PATHS = NO;
				CLANG_ANALYZER_NONNULL = YES;
				CLANG_ANALYZER_NUMBER_OBJECT_CONVERSION = YES_AGGRESSIVE;
				CLANG_CXX_LANGUAGE_STANDARD = "gnu++17";
				CLANG_CXX_LIBRARY = "libc++";
				CLANG_ENABLE_MODULES = YES;
				CLANG_ENABLE_OBJC_ARC = YES;
				CLANG_ENABLE_OBJC_WEAK = YES;
				CLANG_WARN_BLOCK_CAPTURE_AUTORELEASING = YES;
				CLANG_WARN_BOOL_CONVERSION = YES;
				CLANG_WARN_COMMA = YES;
				CLANG_WARN_CONSTANT_CONVERSION = YES;
				CLANG_WARN_DEPRECATED_OBJC_IMPLEMENTATIONS = YES;
				CLANG_WARN_DIRECT_OBJC_ISA_USAGE = YES_ERROR;
				CLANG_WARN_DOCUMENTATION_COMMENTS = YES;
				CLANG_WARN_EMPTY_BODY = YES;
				CLANG_WARN_ENUM_CONVERSION = YES;
				CLANG_WARN_INFINITE_RECURSION = YES;
				CLANG_WARN_INT_CONVERSION = YES;
				CLANG_WARN_NON_LITERAL_NULL_CONVERSION = YES;
				CLANG_WARN_OBJC_IMPLICIT_RETAIN_SELF = YES;
				CLANG_WARN_OBJC_LITERAL_CONVERSION = YES;
				CLANG_WARN_OBJC_ROOT_CLASS = YES_ERROR;
				CLANG_WARN_QUOTED_INCLUDE_IN_FRAMEWORK_HEADER = YES;
				CLANG_WARN_RANGE_LOOP_ANALYSIS = YES;
				CLANG_WARN_STRICT_PROTOTYPES = YES;
				CLANG_WARN_SUSPICIOUS_MOVE = YES;
				CLANG_WARN_UNGUARDED_AVAILABILITY = YES_AGGRESSIVE;
				CLANG_WARN_UNREACHABLE_CODE = YES;
				CLANG_WARN__DUPLICATE_METHOD_MATCH = YES;
				COPY_PHASE_STRIP = NO;
				DEBUG_INFORMATION_FORMAT = "dwarf-with-dsym";
				ENABLE_NS_ASSERTIONS = NO;
				ENABLE_STRICT_OBJC_MSGSEND = YES;
				GCC_C_LANGUAGE_STANDARD = gnu11;
				GCC_NO_COMMON_BLOCKS = YES;
				GCC_WARN_64_TO_32_BIT_CONVERSION = YES;
				GCC_WARN_ABOUT_RETURN_TYPE = YES_ERROR;
				GCC_WARN_UNDECLARED_SELECTOR = YES;
				GCC_WARN_UNINITIALIZED_AUTOS = YES_AGGRESSIVE;
				GCC_WARN_UNUSED_FUNCTION = YES;
				GCC_WARN_UNUSED_VARIABLE = YES;
				IPHONEOS_DEPLOYMENT_TARGET = 15.2;
				MTL_ENABLE_DEBUG_INFO = NO;
				MTL_FAST_MATH = YES;
				SDKROOT = iphoneos;
				SWIFT_COMPILATION_MODE = wholemodule;
				SWIFT_OPTIMIZATION_LEVEL = "-O";
				VALIDATE_PRODUCT = YES;
			};
			name = Release;
		};
		FB9244FF27BF156D006A5E57 /* Debug */ = {
			isa = XCBuildConfiguration;
			buildSettings = {
				ASSETCATALOG_COMPILER_APPICON_NAME = AppIcon;
				ASSETCATALOG_COMPILER_GLOBAL_ACCENT_COLOR_NAME = AccentColor;
				CODE_SIGN_STYLE = Automatic;
				CURRENT_PROJECT_VERSION = 1;
				DEVELOPMENT_ASSET_PATHS = "\"practica4_AldoAyala/Preview Content\"";
				DEVELOPMENT_TEAM = R369HMJKTK;
				ENABLE_PREVIEWS = YES;
				GENERATE_INFOPLIST_FILE = YES;
				INFOPLIST_KEY_UIApplicationSceneManifest_Generation = YES;
				INFOPLIST_KEY_UIApplicationSupportsIndirectInputEvents = YES;
				INFOPLIST_KEY_UILaunchScreen_Generation = YES;
				INFOPLIST_KEY_UISupportedInterfaceOrientations_iPad = "UIInterfaceOrientationPortrait UIInterfaceOrientationPortraitUpsideDown UIInterfaceOrientationLandscapeLeft UIInterfaceOrientationLandscapeRight";
				INFOPLIST_KEY_UISupportedInterfaceOrientations_iPhone = "UIInterfaceOrientationPortrait UIInterfaceOrientationLandscapeLeft UIInterfaceOrientationLandscapeRight";
				LD_RUNPATH_SEARCH_PATHS = (
					"$(inherited)",
					"@executable_path/Frameworks",
				);
				MARKETING_VERSION = 1.0;
				PRODUCT_BUNDLE_IDENTIFIER = "com.aldo.practica4-AldoAyala";
				PRODUCT_NAME = "$(TARGET_NAME)";
				SWIFT_EMIT_LOC_STRINGS = YES;
				SWIFT_VERSION = 5.0;
				TARGETED_DEVICE_FAMILY = "1,2";
			};
			name = Debug;
		};
		FB92450027BF156D006A5E57 /* Release */ = {
			isa = XCBuildConfiguration;
			buildSettings = {
				ASSETCATALOG_COMPILER_APPICON_NAME = AppIcon;
				ASSETCATALOG_COMPILER_GLOBAL_ACCENT_COLOR_NAME = AccentColor;
				CODE_SIGN_STYLE = Automatic;
				CURRENT_PROJECT_VERSION = 1;
				DEVELOPMENT_ASSET_PATHS = "\"practica4_AldoAyala/Preview Content\"";
				DEVELOPMENT_TEAM = R369HMJKTK;
				ENABLE_PREVIEWS = YES;
				GENERATE_INFOPLIST_FILE = YES;
				INFOPLIST_KEY_UIApplicationSceneManifest_Generation = YES;
				INFOPLIST_KEY_UIApplicationSupportsIndirectInputEvents = YES;
				INFOPLIST_KEY_UILaunchScreen_Generation = YES;
				INFOPLIST_KEY_UISupportedInterfaceOrientations_iPad = "UIInterfaceOrientationPortrait UIInterfaceOrientationPortraitUpsideDown UIInterfaceOrientationLandscapeLeft UIInterfaceOrientationLandscapeRight";
				INFOPLIST_KEY_UISupportedInterfaceOrientations_iPhone = "UIInterfaceOrientationPortrait UIInterfaceOrientationLandscapeLeft UIInterfaceOrientationLandscapeRight";
				LD_RUNPATH_SEARCH_PATHS = (
					"$(inherited)",
					"@executable_path/Frameworks",
				);
				MARKETING_VERSION = 1.0;
				PRODUCT_BUNDLE_IDENTIFIER = "com.aldo.practica4-AldoAyala";
				PRODUCT_NAME = "$(TARGET_NAME)";
				SWIFT_EMIT_LOC_STRINGS = YES;
				SWIFT_VERSION = 5.0;
				TARGETED_DEVICE_FAMILY = "1,2";
			};
			name = Release;
		};
/* End XCBuildConfiguration section */

/* Begin XCConfigurationList section */
		FB9244EB27BF156A006A5E57 /* Build configuration list for PBXProject "practica4_AldoAyala" */ = {
			isa = XCConfigurationList;
			buildConfigurations = (
				FB9244FC27BF156D006A5E57 /* Debug */,
				FB9244FD27BF156D006A5E57 /* Release */,
			);
			defaultConfigurationIsVisible = 0;
			defaultConfigurationName = Release;
		};
		FB9244FE27BF156D006A5E57 /* Build configuration list for PBXNativeTarget "practica4_AldoAyala" */ = {
			isa = XCConfigurationList;
			buildConfigurations = (
				FB9244FF27BF156D006A5E57 /* Debug */,
				FB92450027BF156D006A5E57 /* Release */,
			);
			defaultConfigurationIsVisible = 0;
			defaultConfigurationName = Release;
		};
/* End XCConfigurationList section */
	};
	rootObject = FB9244E827BF156A006A5E57 /* Project object */;
}
