// !$*UTF8*$!
{
	archiveVersion = 1;
	classes = {
	};
	objectVersion = 55;
	objects = {

/* Begin PBXBuildFile section */
		FB211F0527F677C0001DD7B3 /* detector_imagenesApp.swift in Sources */ = {isa = PBXBuildFile; fileRef = FB211EF527F677BE001DD7B3 /* detector_imagenesApp.swift */; };
		FB211F0627F677C0001DD7B3 /* detector_imagenesApp.swift in Sources */ = {isa = PBXBuildFile; fileRef = FB211EF527F677BE001DD7B3 /* detector_imagenesApp.swift */; };
		FB211F0727F677C0001DD7B3 /* ContentView.swift in Sources */ = {isa = PBXBuildFile; fileRef = FB211EF627F677BE001DD7B3 /* ContentView.swift */; };
		FB211F0827F677C0001DD7B3 /* ContentView.swift in Sources */ = {isa = PBXBuildFile; fileRef = FB211EF627F677BE001DD7B3 /* ContentView.swift */; };
		FB211F0927F677C0001DD7B3 /* Assets.xcassets in Resources */ = {isa = PBXBuildFile; fileRef = FB211EF727F677C0001DD7B3 /* Assets.xcassets */; };
		FB211F0A27F677C0001DD7B3 /* Assets.xcassets in Resources */ = {isa = PBXBuildFile; fileRef = FB211EF727F677C0001DD7B3 /* Assets.xcassets */; };
		FB211F1427F677F9001DD7B3 /* MobileNetV2.mlmodel in Sources */ = {isa = PBXBuildFile; fileRef = FB211F1327F677F9001DD7B3 /* MobileNetV2.mlmodel */; };
		FB211F1627F67E83001DD7B3 /* UIImage+Extension.swift in Sources */ = {isa = PBXBuildFile; fileRef = FB211F1527F67E83001DD7B3 /* UIImage+Extension.swift */; };
/* End PBXBuildFile section */

/* Begin PBXFileReference section */
		FB211EF527F677BE001DD7B3 /* detector_imagenesApp.swift */ = {isa = PBXFileReference; lastKnownFileType = sourcecode.swift; path = detector_imagenesApp.swift; sourceTree = "<group>"; };
		FB211EF627F677BE001DD7B3 /* ContentView.swift */ = {isa = PBXFileReference; lastKnownFileType = sourcecode.swift; path = ContentView.swift; sourceTree = "<group>"; };
		FB211EF727F677C0001DD7B3 /* Assets.xcassets */ = {isa = PBXFileReference; lastKnownFileType = folder.assetcatalog; path = Assets.xcassets; sourceTree = "<group>"; };
		FB211EFC27F677C0001DD7B3 /* detector-imagenes.app */ = {isa = PBXFileReference; explicitFileType = wrapper.application; includeInIndex = 0; path = "detector-imagenes.app"; sourceTree = BUILT_PRODUCTS_DIR; };
		FB211F0227F677C0001DD7B3 /* detector-imagenes.app */ = {isa = PBXFileReference; explicitFileType = wrapper.application; includeInIndex = 0; path = "detector-imagenes.app"; sourceTree = BUILT_PRODUCTS_DIR; };
		FB211F0427F677C0001DD7B3 /* macOS.entitlements */ = {isa = PBXFileReference; lastKnownFileType = text.plist.entitlements; path = macOS.entitlements; sourceTree = "<group>"; };
		FB211F1327F677F9001DD7B3 /* MobileNetV2.mlmodel */ = {isa = PBXFileReference; lastKnownFileType = file.mlmodel; path = MobileNetV2.mlmodel; sourceTree = "<group>"; };
		FB211F1527F67E83001DD7B3 /* UIImage+Extension.swift */ = {isa = PBXFileReference; fileEncoding = 4; lastKnownFileType = sourcecode.swift; path = "UIImage+Extension.swift"; sourceTree = "<group>"; };
/* End PBXFileReference section */

/* Begin PBXFrameworksBuildPhase section */
		FB211EF927F677C0001DD7B3 /* Frameworks */ = {
			isa = PBXFrameworksBuildPhase;
			buildActionMask = 2147483647;
			files = (
			);
			runOnlyForDeploymentPostprocessing = 0;
		};
		FB211EFF27F677C0001DD7B3 /* Frameworks */ = {
			isa = PBXFrameworksBuildPhase;
			buildActionMask = 2147483647;
			files = (
			);
			runOnlyForDeploymentPostprocessing = 0;
		};
/* End PBXFrameworksBuildPhase section */

/* Begin PBXGroup section */
		FB211EEF27F677BE001DD7B3 = {
			isa = PBXGroup;
			children = (
				FB211EF427F677BE001DD7B3 /* Shared */,
				FB211F0327F677C0001DD7B3 /* macOS */,
				FB211EFD27F677C0001DD7B3 /* Products */,
			);
			sourceTree = "<group>";
		};
		FB211EF427F677BE001DD7B3 /* Shared */ = {
			isa = PBXGroup;
			children = (
				FB211EF527F677BE001DD7B3 /* detector_imagenesApp.swift */,
				FB211EF627F677BE001DD7B3 /* ContentView.swift */,
				FB211F1527F67E83001DD7B3 /* UIImage+Extension.swift */,
				FB211F1327F677F9001DD7B3 /* MobileNetV2.mlmodel */,
				FB211EF727F677C0001DD7B3 /* Assets.xcassets */,
			);
			path = Shared;
			sourceTree = "<group>";
		};
		FB211EFD27F677C0001DD7B3 /* Products */ = {
			isa = PBXGroup;
			children = (
				FB211EFC27F677C0001DD7B3 /* detector-imagenes.app */,
				FB211F0227F677C0001DD7B3 /* detector-imagenes.app */,
			);
			name = Products;
			sourceTree = "<group>";
		};
		FB211F0327F677C0001DD7B3 /* macOS */ = {
			isa = PBXGroup;
			children = (
				FB211F0427F677C0001DD7B3 /* macOS.entitlements */,
			);
			path = macOS;
			sourceTree = "<group>";
		};
/* End PBXGroup section */

/* Begin PBXNativeTarget section */
		FB211EFB27F677C0001DD7B3 /* detector-imagenes (iOS) */ = {
			isa = PBXNativeTarget;
			buildConfigurationList = FB211F0D27F677C0001DD7B3 /* Build configuration list for PBXNativeTarget "detector-imagenes (iOS)" */;
			buildPhases = (
				FB211EF827F677C0001DD7B3 /* Sources */,
				FB211EF927F677C0001DD7B3 /* Frameworks */,
				FB211EFA27F677C0001DD7B3 /* Resources */,
			);
			buildRules = (
			);
			dependencies = (
			);
			name = "detector-imagenes (iOS)";
			productName = "detector-imagenes (iOS)";
			productReference = FB211EFC27F677C0001DD7B3 /* detector-imagenes.app */;
			productType = "com.apple.product-type.application";
		};
		FB211F0127F677C0001DD7B3 /* detector-imagenes (macOS) */ = {
			isa = PBXNativeTarget;
			buildConfigurationList = FB211F1027F677C0001DD7B3 /* Build configuration list for PBXNativeTarget "detector-imagenes (macOS)" */;
			buildPhases = (
				FB211EFE27F677C0001DD7B3 /* Sources */,
				FB211EFF27F677C0001DD7B3 /* Frameworks */,
				FB211F0027F677C0001DD7B3 /* Resources */,
			);
			buildRules = (
			);
			dependencies = (
			);
			name = "detector-imagenes (macOS)";
			productName = "detector-imagenes (macOS)";
			productReference = FB211F0227F677C0001DD7B3 /* detector-imagenes.app */;
			productType = "com.apple.product-type.application";
		};
/* End PBXNativeTarget section */

/* Begin PBXProject section */
		FB211EF027F677BE001DD7B3 /* Project object */ = {
			isa = PBXProject;
			attributes = {
				BuildIndependentTargetsInParallel = 1;
				LastSwiftUpdateCheck = 1320;
				LastUpgradeCheck = 1320;
				TargetAttributes = {
					FB211EFB27F677C0001DD7B3 = {
						CreatedOnToolsVersion = 13.2.1;
					};
					FB211F0127F677C0001DD7B3 = {
						CreatedOnToolsVersion = 13.2.1;
					};
				};
			};
			buildConfigurationList = FB211EF327F677BE001DD7B3 /* Build configuration list for PBXProject "detector-imagenes" */;
			compatibilityVersion = "Xcode 13.0";
			developmentRegion = en;
			hasScannedForEncodings = 0;
			knownRegions = (
				en,
				Base,
			);
			mainGroup = FB211EEF27F677BE001DD7B3;
			productRefGroup = FB211EFD27F677C0001DD7B3 /* Products */;
			projectDirPath = "";
			projectRoot = "";
			targets = (
				FB211EFB27F677C0001DD7B3 /* detector-imagenes (iOS) */,
				FB211F0127F677C0001DD7B3 /* detector-imagenes (macOS) */,
			);
		};
/* End PBXProject section */

/* Begin PBXResourcesBuildPhase section */
		FB211EFA27F677C0001DD7B3 /* Resources */ = {
			isa = PBXResourcesBuildPhase;
			buildActionMask = 2147483647;
			files = (
				FB211F0927F677C0001DD7B3 /* Assets.xcassets in Resources */,
			);
			runOnlyForDeploymentPostprocessing = 0;
		};
		FB211F0027F677C0001DD7B3 /* Resources */ = {
			isa = PBXResourcesBuildPhase;
			buildActionMask = 2147483647;
			files = (
				FB211F0A27F677C0001DD7B3 /* Assets.xcassets in Resources */,
			);
			runOnlyForDeploymentPostprocessing = 0;
		};
/* End PBXResourcesBuildPhase section */

/* Begin PBXSourcesBuildPhase section */
		FB211EF827F677C0001DD7B3 /* Sources */ = {
			isa = PBXSourcesBuildPhase;
			buildActionMask = 2147483647;
			files = (
				FB211F1427F677F9001DD7B3 /* MobileNetV2.mlmodel in Sources */,
				FB211F0727F677C0001DD7B3 /* ContentView.swift in Sources */,
				FB211F0527F677C0001DD7B3 /* detector_imagenesApp.swift in Sources */,
				FB211F1627F67E83001DD7B3 /* UIImage+Extension.swift in Sources */,
			);
			runOnlyForDeploymentPostprocessing = 0;
		};
		FB211EFE27F677C0001DD7B3 /* Sources */ = {
			isa = PBXSourcesBuildPhase;
			buildActionMask = 2147483647;
			files = (
				FB211F0827F677C0001DD7B3 /* ContentView.swift in Sources */,
				FB211F0627F677C0001DD7B3 /* detector_imagenesApp.swift in Sources */,
			);
			runOnlyForDeploymentPostprocessing = 0;
		};
/* End PBXSourcesBuildPhase section */

/* Begin XCBuildConfiguration section */
		FB211F0B27F677C0001DD7B3 /* Debug */ = {
			isa = XCBuildConfiguration;
			buildSettings = {
				ALWAYS_SEARCH_USER_PATHS = NO;
				CLANG_ANALYZER_NONNULL = YES;
				CLANG_ANALYZER_NUMBER_OBJECT_CONVERSION = YES_AGGRESSIVE;
				CLANG_CXX_LANGUAGE_STANDARD = "gnu++17";
				CLANG_CXX_LIBRARY = "libc++";
				CLANG_ENABLE_MODULES = YES;
				CLANG_ENABLE_OBJC_ARC = YES;
				CLANG_ENABLE_OBJC_WEAK = YES;
				CLANG_WARN_BLOCK_CAPTURE_AUTORELEASING = YES;
				CLANG_WARN_BOOL_CONVERSION = YES;
				CLANG_WARN_COMMA = YES;
				CLANG_WARN_CONSTANT_CONVERSION = YES;
				CLANG_WARN_DEPRECATED_OBJC_IMPLEMENTATIONS = YES;
				CLANG_WARN_DIRECT_OBJC_ISA_USAGE = YES_ERROR;
				CLANG_WARN_DOCUMENTATION_COMMENTS = YES;
				CLANG_WARN_EMPTY_BODY = YES;
				CLANG_WARN_ENUM_CONVERSION = YES;
				CLANG_WARN_INFINITE_RECURSION = YES;
				CLANG_WARN_INT_CONVERSION = YES;
				CLANG_WARN_NON_LITERAL_NULL_CONVERSION = YES;
				CLANG_WARN_OBJC_IMPLICIT_RETAIN_SELF = YES;
				CLANG_WARN_OBJC_LITERAL_CONVERSION = YES;
				CLANG_WARN_OBJC_ROOT_CLASS = YES_ERROR;
				CLANG_WARN_QUOTED_INCLUDE_IN_FRAMEWORK_HEADER = YES;
				CLANG_WARN_RANGE_LOOP_ANALYSIS = YES;
				CLANG_WARN_STRICT_PROTOTYPES = YES;
				CLANG_WARN_SUSPICIOUS_MOVE = YES;
				CLANG_WARN_UNGUARDED_AVAILABILITY = YES_AGGRESSIVE;
				CLANG_WARN_UNREACHABLE_CODE = YES;
				CLANG_WARN__DUPLICATE_METHOD_MATCH = YES;
				COPY_PHASE_STRIP = NO;
				DEBUG_INFORMATION_FORMAT = dwarf;
				ENABLE_STRICT_OBJC_MSGSEND = YES;
				ENABLE_TESTABILITY = YES;
				GCC_C_LANGUAGE_STANDARD = gnu11;
				GCC_DYNAMIC_NO_PIC = NO;
				GCC_NO_COMMON_BLOCKS = YES;
				GCC_OPTIMIZATION_LEVEL = 0;
				GCC_PREPROCESSOR_DEFINITIONS = (
					"DEBUG=1",
					"$(inherited)",
				);
				GCC_WARN_64_TO_32_BIT_CONVERSION = YES;
				GCC_WARN_ABOUT_RETURN_TYPE = YES_ERROR;
				GCC_WARN_UNDECLARED_SELECTOR = YES;
				GCC_WARN_UNINITIALIZED_AUTOS = YES_AGGRESSIVE;
				GCC_WARN_UNUSED_FUNCTION = YES;
				GCC_WARN_UNUSED_VARIABLE = YES;
				MTL_ENABLE_DEBUG_INFO = INCLUDE_SOURCE;
				MTL_FAST_MATH = YES;
				ONLY_ACTIVE_ARCH = YES;
				SWIFT_ACTIVE_COMPILATION_CONDITIONS = DEBUG;
				SWIFT_OPTIMIZATION_LEVEL = "-Onone";
			};
			name = Debug;
		};
		FB211F0C27F677C0001DD7B3 /* Release */ = {
			isa = XCBuildConfiguration;
			buildSettings = {
				ALWAYS_SEARCH_USER_PATHS = NO;
				CLANG_ANALYZER_NONNULL = YES;
				CLANG_ANALYZER_NUMBER_OBJECT_CONVERSION = YES_AGGRESSIVE;
				CLANG_CXX_LANGUAGE_STANDARD = "gnu++17";
				CLANG_CXX_LIBRARY = "libc++";
				CLANG_ENABLE_MODULES = YES;
				CLANG_ENABLE_OBJC_ARC = YES;
				CLANG_ENABLE_OBJC_WEAK = YES;
				CLANG_WARN_BLOCK_CAPTURE_AUTORELEASING = YES;
				CLANG_WARN_BOOL_CONVERSION = YES;
				CLANG_WARN_COMMA = YES;
				CLANG_WARN_CONSTANT_CONVERSION = YES;
				CLANG_WARN_DEPRECATED_OBJC_IMPLEMENTATIONS = YES;
				CLANG_WARN_DIRECT_OBJC_ISA_USAGE = YES_ERROR;
				CLANG_WARN_DOCUMENTATION_COMMENTS = YES;
				CLANG_WARN_EMPTY_BODY = YES;
				CLANG_WARN_ENUM_CONVERSION = YES;
				CLANG_WARN_INFINITE_RECURSION = YES;
				CLANG_WARN_INT_CONVERSION = YES;
				CLANG_WARN_NON_LITERAL_NULL_CONVERSION = YES;
				CLANG_WARN_OBJC_IMPLICIT_RETAIN_SELF = YES;
				CLANG_WARN_OBJC_LITERAL_CONVERSION = YES;
				CLANG_WARN_OBJC_ROOT_CLASS = YES_ERROR;
				CLANG_WARN_QUOTED_INCLUDE_IN_FRAMEWORK_HEADER = YES;
				CLANG_WARN_RANGE_LOOP_ANALYSIS = YES;
				CLANG_WARN_STRICT_PROTOTYPES = YES;
				CLANG_WARN_SUSPICIOUS_MOVE = YES;
				CLANG_WARN_UNGUARDED_AVAILABILITY = YES_AGGRESSIVE;
				CLANG_WARN_UNREACHABLE_CODE = YES;
				CLANG_WARN__DUPLICATE_METHOD_MATCH = YES;
				COPY_PHASE_STRIP = NO;
				DEBUG_INFORMATION_FORMAT = "dwarf-with-dsym";
				ENABLE_NS_ASSERTIONS = NO;
				ENABLE_STRICT_OBJC_MSGSEND = YES;
				GCC_C_LANGUAGE_STANDARD = gnu11;
				GCC_NO_COMMON_BLOCKS = YES;
				GCC_WARN_64_TO_32_BIT_CONVERSION = YES;
				GCC_WARN_ABOUT_RETURN_TYPE = YES_ERROR;
				GCC_WARN_UNDECLARED_SELECTOR = YES;
				GCC_WARN_UNINITIALIZED_AUTOS = YES_AGGRESSIVE;
				GCC_WARN_UNUSED_FUNCTION = YES;
				GCC_WARN_UNUSED_VARIABLE = YES;
				MTL_ENABLE_DEBUG_INFO = NO;
				MTL_FAST_MATH = YES;
				SWIFT_COMPILATION_MODE = wholemodule;
				SWIFT_OPTIMIZATION_LEVEL = "-O";
			};
			name = Release;
		};
		FB211F0E27F677C0001DD7B3 /* Debug */ = {
			isa = XCBuildConfiguration;
			buildSettings = {
				ASSETCATALOG_COMPILER_APPICON_NAME = AppIcon;
				ASSETCATALOG_COMPILER_GLOBAL_ACCENT_COLOR_NAME = AccentColor;
				CODE_SIGN_STYLE = Automatic;
				CURRENT_PROJECT_VERSION = 1;
				ENABLE_PREVIEWS = YES;
				GENERATE_INFOPLIST_FILE = YES;
				INFOPLIST_KEY_UIApplicationSceneManifest_Generation = YES;
				INFOPLIST_KEY_UIApplicationSupportsIndirectInputEvents = YES;
				INFOPLIST_KEY_UILaunchScreen_Generation = YES;
				INFOPLIST_KEY_UISupportedInterfaceOrientations_iPad = "UIInterfaceOrientationPortrait UIInterfaceOrientationPortraitUpsideDown UIInterfaceOrientationLandscapeLeft UIInterfaceOrientationLandscapeRight";
				INFOPLIST_KEY_UISupportedInterfaceOrientations_iPhone = "UIInterfaceOrientationPortrait UIInterfaceOrientationLandscapeLeft UIInterfaceOrientationLandscapeRight";
				IPHONEOS_DEPLOYMENT_TARGET = 15.2;
				LD_RUNPATH_SEARCH_PATHS = (
					"$(inherited)",
					"@executable_path/Frameworks",
				);
				MARKETING_VERSION = 1.0;
				PRODUCT_BUNDLE_IDENTIFIER = "com.dansa.detector-imagenes";
				PRODUCT_NAME = "detector-imagenes";
				SDKROOT = iphoneos;
				SWIFT_EMIT_LOC_STRINGS = YES;
				SWIFT_VERSION = 5.0;
				TARGETED_DEVICE_FAMILY = "1,2";
			};
			name = Debug;
		};
		FB211F0F27F677C0001DD7B3 /* Release */ = {
			isa = XCBuildConfiguration;
			buildSettings = {
				ASSETCATALOG_COMPILER_APPICON_NAME = AppIcon;
				ASSETCATALOG_COMPILER_GLOBAL_ACCENT_COLOR_NAME = AccentColor;
				CODE_SIGN_STYLE = Automatic;
				CURRENT_PROJECT_VERSION = 1;
				ENABLE_PREVIEWS = YES;
				GENERATE_INFOPLIST_FILE = YES;
				INFOPLIST_KEY_UIApplicationSceneManifest_Generation = YES;
				INFOPLIST_KEY_UIApplicationSupportsIndirectInputEvents = YES;
				INFOPLIST_KEY_UILaunchScreen_Generation = YES;
				INFOPLIST_KEY_UISupportedInterfaceOrientations_iPad = "UIInterfaceOrientationPortrait UIInterfaceOrientationPortraitUpsideDown UIInterfaceOrientationLandscapeLeft UIInterfaceOrientationLandscapeRight";
				INFOPLIST_KEY_UISupportedInterfaceOrientations_iPhone = "UIInterfaceOrientationPortrait UIInterfaceOrientationLandscapeLeft UIInterfaceOrientationLandscapeRight";
				IPHONEOS_DEPLOYMENT_TARGET = 15.2;
				LD_RUNPATH_SEARCH_PATHS = (
					"$(inherited)",
					"@executable_path/Frameworks",
				);
				MARKETING_VERSION = 1.0;
				PRODUCT_BUNDLE_IDENTIFIER = "com.dansa.detector-imagenes";
				PRODUCT_NAME = "detector-imagenes";
				SDKROOT = iphoneos;
				SWIFT_EMIT_LOC_STRINGS = YES;
				SWIFT_VERSION = 5.0;
				TARGETED_DEVICE_FAMILY = "1,2";
				VALIDATE_PRODUCT = YES;
			};
			name = Release;
		};
		FB211F1127F677C0001DD7B3 /* Debug */ = {
			isa = XCBuildConfiguration;
			buildSettings = {
				ASSETCATALOG_COMPILER_APPICON_NAME = AppIcon;
				ASSETCATALOG_COMPILER_GLOBAL_ACCENT_COLOR_NAME = AccentColor;
				CODE_SIGN_ENTITLEMENTS = macOS/macOS.entitlements;
				CODE_SIGN_STYLE = Automatic;
				COMBINE_HIDPI_IMAGES = YES;
				CURRENT_PROJECT_VERSION = 1;
				ENABLE_PREVIEWS = YES;
				GENERATE_INFOPLIST_FILE = YES;
				INFOPLIST_KEY_NSHumanReadableCopyright = "";
				LD_RUNPATH_SEARCH_PATHS = (
					"$(inherited)",
					"@executable_path/../Frameworks",
				);
				MACOSX_DEPLOYMENT_TARGET = 12.1;
				MARKETING_VERSION = 1.0;
				PRODUCT_BUNDLE_IDENTIFIER = "com.dansa.detector-imagenes";
				PRODUCT_NAME = "detector-imagenes";
				SDKROOT = macosx;
				SWIFT_EMIT_LOC_STRINGS = YES;
				SWIFT_VERSION = 5.0;
			};
			name = Debug;
		};
		FB211F1227F677C0001DD7B3 /* Release */ = {
			isa = XCBuildConfiguration;
			buildSettings = {
				ASSETCATALOG_COMPILER_APPICON_NAME = AppIcon;
				ASSETCATALOG_COMPILER_GLOBAL_ACCENT_COLOR_NAME = AccentColor;
				CODE_SIGN_ENTITLEMENTS = macOS/macOS.entitlements;
				CODE_SIGN_STYLE = Automatic;
				COMBINE_HIDPI_IMAGES = YES;
				CURRENT_PROJECT_VERSION = 1;
				ENABLE_PREVIEWS = YES;
				GENERATE_INFOPLIST_FILE = YES;
				INFOPLIST_KEY_NSHumanReadableCopyright = "";
				LD_RUNPATH_SEARCH_PATHS = (
					"$(inherited)",
					"@executable_path/../Frameworks",
				);
				MACOSX_DEPLOYMENT_TARGET = 12.1;
				MARKETING_VERSION = 1.0;
				PRODUCT_BUNDLE_IDENTIFIER = "com.dansa.detector-imagenes";
				PRODUCT_NAME = "detector-imagenes";
				SDKROOT = macosx;
				SWIFT_EMIT_LOC_STRINGS = YES;
				SWIFT_VERSION = 5.0;
			};
			name = Release;
		};
/* End XCBuildConfiguration section */

/* Begin XCConfigurationList section */
		FB211EF327F677BE001DD7B3 /* Build configuration list for PBXProject "detector-imagenes" */ = {
			isa = XCConfigurationList;
			buildConfigurations = (
				FB211F0B27F677C0001DD7B3 /* Debug */,
				FB211F0C27F677C0001DD7B3 /* Release */,
			);
			defaultConfigurationIsVisible = 0;
			defaultConfigurationName = Release;
		};
		FB211F0D27F677C0001DD7B3 /* Build configuration list for PBXNativeTarget "detector-imagenes (iOS)" */ = {
			isa = XCConfigurationList;
			buildConfigurations = (
				FB211F0E27F677C0001DD7B3 /* Debug */,
				FB211F0F27F677C0001DD7B3 /* Release */,
			);
			defaultConfigurationIsVisible = 0;
			defaultConfigurationName = Release;
		};
		FB211F1027F677C0001DD7B3 /* Build configuration list for PBXNativeTarget "detector-imagenes (macOS)" */ = {
			isa = XCConfigurationList;
			buildConfigurations = (
				FB211F1127F677C0001DD7B3 /* Debug */,
				FB211F1227F677C0001DD7B3 /* Release */,
			);
			defaultConfigurationIsVisible = 0;
			defaultConfigurationName = Release;
		};
/* End XCConfigurationList section */
	};
	rootObject = FB211EF027F677BE001DD7B3 /* Project object */;
}
